
Microsoft Visual Studio Solution File, Format Version 12.00
# Visual Studio 15
VisualStudioVersion = 15.0.27004.2009
MinimumVisualStudioVersion = 10.0.40219.1
Project("{2150E333-8FDC-42A3-9474-1A3956D46DE8}") = "NuGet", "NuGet", "{0E73989A-FF31-4542-88F9-DAC6F9C40FE2}"
	ProjectSection(SolutionItems) = preProject
		..\nuget\CreatePackages.bat = ..\nuget\CreatePackages.bat
		..\nuget\PublishPackages.bat = ..\nuget\PublishPackages.bat
	EndProjectSection
EndProject
Project("{2150E333-8FDC-42A3-9474-1A3956D46DE8}") = "Sample Projects", "Sample Projects", "{2E920538-21EC-49E6-BF72-75E82B2E49E2}"
EndProject
Project("{2150E333-8FDC-42A3-9474-1A3956D46DE8}") = "Tests", "Tests", "{C705E27D-A56E-4039-8C73-1C520335A8BE}"
EndProject
Project("{9A19103F-16F7-4668-BE54-9A1E7A4F7556}") = "DoddleReport", "DoddleReport\DoddleReport.csproj", "{05A5C02F-D751-4A21-80BB-0FDE1188E48B}"
EndProject
Project("{FAE04EC0-301F-11D3-BF4B-00C04F79EFBC}") = "DoddleReport.AbcPdf", "DoddleReport.AbcPdf\DoddleReport.AbcPdf.csproj", "{346A873D-3F0A-4A71-840A-24B1095C6021}"
EndProject
Project("{FAE04EC0-301F-11D3-BF4B-00C04F79EFBC}") = "DoddleReport.iTextSharp", "DoddleReport.iTextSharp\DoddleReport.iTextSharp.csproj", "{A88842E1-113B-4C3F-AF81-B68084118D91}"
EndProject
Project("{9A19103F-16F7-4668-BE54-9A1E7A4F7556}") = "DoddleReport.OpenXml", "DoddleReport.OpenXml\DoddleReport.OpenXml.csproj", "{B4D4693D-70CC-41DF-9116-8E8EA5DE1D90}"
EndProject
Project("{FAE04EC0-301F-11D3-BF4B-00C04F79EFBC}") = "DoddleReport.Sample.AspnetCore", "DoddleReport.Sample.AspnetCore\DoddleReport.Sample.AspnetCore.csproj", "{785F35DF-B9A3-402B-9F18-7707384B0641}"
EndProject
Global
	GlobalSection(SolutionConfigurationPlatforms) = preSolution
		Debug|Any CPU = Debug|Any CPU
		Debug|Mixed Platforms = Debug|Mixed Platforms
		Debug|x86 = Debug|x86
		Release|Any CPU = Release|Any CPU
		Release|Mixed Platforms = Release|Mixed Platforms
		Release|x86 = Release|x86
	EndGlobalSection
	GlobalSection(ProjectConfigurationPlatforms) = postSolution
		{05A5C02F-D751-4A21-80BB-0FDE1188E48B}.Debug|Any CPU.ActiveCfg = Debug|Any CPU
		{05A5C02F-D751-4A21-80BB-0FDE1188E48B}.Debug|Any CPU.Build.0 = Debug|Any CPU
		{05A5C02F-D751-4A21-80BB-0FDE1188E48B}.Debug|Mixed Platforms.ActiveCfg = Debug|Any CPU
		{05A5C02F-D751-4A21-80BB-0FDE1188E48B}.Debug|Mixed Platforms.Build.0 = Debug|Any CPU
		{05A5C02F-D751-4A21-80BB-0FDE1188E48B}.Debug|x86.ActiveCfg = Debug|Any CPU
		{05A5C02F-D751-4A21-80BB-0FDE1188E48B}.Debug|x86.Build.0 = Debug|Any CPU
		{05A5C02F-D751-4A21-80BB-0FDE1188E48B}.Release|Any CPU.ActiveCfg = Release|Any CPU
		{05A5C02F-D751-4A21-80BB-0FDE1188E48B}.Release|Any CPU.Build.0 = Release|Any CPU
		{05A5C02F-D751-4A21-80BB-0FDE1188E48B}.Release|Mixed Platforms.ActiveCfg = Release|Any CPU
		{05A5C02F-D751-4A21-80BB-0FDE1188E48B}.Release|Mixed Platforms.Build.0 = Release|Any CPU
		{05A5C02F-D751-4A21-80BB-0FDE1188E48B}.Release|x86.ActiveCfg = Release|Any CPU
		{05A5C02F-D751-4A21-80BB-0FDE1188E48B}.Release|x86.Build.0 = Release|Any CPU
		{346A873D-3F0A-4A71-840A-24B1095C6021}.Debug|Any CPU.ActiveCfg = Debug|Any CPU
		{346A873D-3F0A-4A71-840A-24B1095C6021}.Debug|Any CPU.Build.0 = Debug|Any CPU
		{346A873D-3F0A-4A71-840A-24B1095C6021}.Debug|Mixed Platforms.ActiveCfg = Debug|Any CPU
		{346A873D-3F0A-4A71-840A-24B1095C6021}.Debug|Mixed Platforms.Build.0 = Debug|Any CPU
		{346A873D-3F0A-4A71-840A-24B1095C6021}.Debug|x86.ActiveCfg = Debug|Any CPU
		{346A873D-3F0A-4A71-840A-24B1095C6021}.Debug|x86.Build.0 = Debug|Any CPU
		{346A873D-3F0A-4A71-840A-24B1095C6021}.Release|Any CPU.ActiveCfg = Release|Any CPU
		{346A873D-3F0A-4A71-840A-24B1095C6021}.Release|Any CPU.Build.0 = Release|Any CPU
		{346A873D-3F0A-4A71-840A-24B1095C6021}.Release|Mixed Platforms.ActiveCfg = Release|Any CPU
		{346A873D-3F0A-4A71-840A-24B1095C6021}.Release|Mixed Platforms.Build.0 = Release|Any CPU
		{346A873D-3F0A-4A71-840A-24B1095C6021}.Release|x86.ActiveCfg = Release|Any CPU
		{346A873D-3F0A-4A71-840A-24B1095C6021}.Release|x86.Build.0 = Release|Any CPU
		{A88842E1-113B-4C3F-AF81-B68084118D91}.Debug|Any CPU.ActiveCfg = Debug|Any CPU
		{A88842E1-113B-4C3F-AF81-B68084118D91}.Debug|Any CPU.Build.0 = Debug|Any CPU
		{A88842E1-113B-4C3F-AF81-B68084118D91}.Debug|Mixed Platforms.ActiveCfg = Debug|Any CPU
		{A88842E1-113B-4C3F-AF81-B68084118D91}.Debug|Mixed Platforms.Build.0 = Debug|Any CPU
		{A88842E1-113B-4C3F-AF81-B68084118D91}.Debug|x86.ActiveCfg = Debug|Any CPU
		{A88842E1-113B-4C3F-AF81-B68084118D91}.Debug|x86.Build.0 = Debug|Any CPU
		{A88842E1-113B-4C3F-AF81-B68084118D91}.Release|Any CPU.ActiveCfg = Release|Any CPU
		{A88842E1-113B-4C3F-AF81-B68084118D91}.Release|Any CPU.Build.0 = Release|Any CPU
		{A88842E1-113B-4C3F-AF81-B68084118D91}.Release|Mixed Platforms.ActiveCfg = Release|Any CPU
		{A88842E1-113B-4C3F-AF81-B68084118D91}.Release|Mixed Platforms.Build.0 = Release|Any CPU
		{A88842E1-113B-4C3F-AF81-B68084118D91}.Release|x86.ActiveCfg = Release|Any CPU
		{A88842E1-113B-4C3F-AF81-B68084118D91}.Release|x86.Build.0 = Release|Any CPU
		{B4D4693D-70CC-41DF-9116-8E8EA5DE1D90}.Debug|Any CPU.ActiveCfg = Debug|Any CPU
		{B4D4693D-70CC-41DF-9116-8E8EA5DE1D90}.Debug|Any CPU.Build.0 = Debug|Any CPU
		{B4D4693D-70CC-41DF-9116-8E8EA5DE1D90}.Debug|Mixed Platforms.ActiveCfg = Debug|Any CPU
		{B4D4693D-70CC-41DF-9116-8E8EA5DE1D90}.Debug|Mixed Platforms.Build.0 = Debug|Any CPU
		{B4D4693D-70CC-41DF-9116-8E8EA5DE1D90}.Debug|x86.ActiveCfg = Debug|Any CPU
		{B4D4693D-70CC-41DF-9116-8E8EA5DE1D90}.Debug|x86.Build.0 = Debug|Any CPU
		{B4D4693D-70CC-41DF-9116-8E8EA5DE1D90}.Release|Any CPU.ActiveCfg = Release|Any CPU
		{B4D4693D-70CC-41DF-9116-8E8EA5DE1D90}.Release|Any CPU.Build.0 = Release|Any CPU
		{B4D4693D-70CC-41DF-9116-8E8EA5DE1D90}.Release|Mixed Platforms.ActiveCfg = Release|Any CPU
		{B4D4693D-70CC-41DF-9116-8E8EA5DE1D90}.Release|Mixed Platforms.Build.0 = Release|Any CPU
		{B4D4693D-70CC-41DF-9116-8E8EA5DE1D90}.Release|x86.ActiveCfg = Release|Any CPU
		{B4D4693D-70CC-41DF-9116-8E8EA5DE1D90}.Release|x86.Build.0 = Release|Any CPU
		{785F35DF-B9A3-402B-9F18-7707384B0641}.Debug|Any CPU.ActiveCfg = Debug|Any CPU
		{785F35DF-B9A3-402B-9F18-7707384B0641}.Debug|Any CPU.Build.0 = Debug|Any CPU
		{785F35DF-B9A3-402B-9F18-7707384B0641}.Debug|Mixed Platforms.ActiveCfg = Debug|Any CPU
		{785F35DF-B9A3-402B-9F18-7707384B0641}.Debug|Mixed Platforms.Build.0 = Debug|Any CPU
		{785F35DF-B9A3-402B-9F18-7707384B0641}.Debug|x86.ActiveCfg = Debug|Any CPU
		{785F35DF-B9A3-402B-9F18-7707384B0641}.Debug|x86.Build.0 = Debug|Any CPU
		{785F35DF-B9A3-402B-9F18-7707384B0641}.Release|Any CPU.ActiveCfg = Release|Any CPU
		{785F35DF-B9A3-402B-9F18-7707384B0641}.Release|Any CPU.Build.0 = Release|Any CPU
		{785F35DF-B9A3-402B-9F18-7707384B0641}.Release|Mixed Platforms.ActiveCfg = Release|Any CPU
		{785F35DF-B9A3-402B-9F18-7707384B0641}.Release|Mixed Platforms.Build.0 = Release|Any CPU
		{785F35DF-B9A3-402B-9F18-7707384B0641}.Release|x86.ActiveCfg = Release|Any CPU
		{785F35DF-B9A3-402B-9F18-7707384B0641}.Release|x86.Build.0 = Release|Any CPU
	EndGlobalSection
	GlobalSection(SolutionProperties) = preSolution
		HideSolutionNode = FALSE
	EndGlobalSection
	GlobalSection(NestedProjects) = preSolution
		{785F35DF-B9A3-402B-9F18-7707384B0641} = {2E920538-21EC-49E6-BF72-75E82B2E49E2}
	EndGlobalSection
	GlobalSection(ExtensibilityGlobals) = postSolution
		SolutionGuid = {39B505E4-A073-4ECD-AC98-C5CB8776F2C5}
	EndGlobalSection
	GlobalSection(TestCaseManagementSettings) = postSolution
		CategoryFile = DoddleReport.vsmdi
	EndGlobalSection
EndGlobal
