
Microsoft Visual Studio Solution File, Format Version 12.00
# Visual Studio 14
VisualStudioVersion = 14.0.25123.0
MinimumVisualStudioVersion = 10.0.40219.1
Project("{2150E333-8FDC-42A3-9474-1A3956D46DE8}") = "NuGet", "NuGet", "{0E73989A-FF31-4542-88F9-DAC6F9C40FE2}"
	ProjectSection(SolutionItems) = preProject
		..\nuget\CreatePackages.bat = ..\nuget\CreatePackages.bat
		..\nuget\PublishPackages.bat = ..\nuget\PublishPackages.bat
	EndProjectSection
EndProject
Project("{2150E333-8FDC-42A3-9474-1A3956D46DE8}") = "Sample Projects", "Sample Projects", "{2E920538-21EC-49E6-BF72-75E82B2E49E2}"
EndProject
Project("{FAE04EC0-301F-11D3-BF4B-00C04F79EFBC}") = "DoddleReport", "DoddleReport\DoddleReport.csproj", "{F08B2994-4D05-423E-A8FE-7D1E8A63472B}"
EndProject
Project("{8BB2217D-0F2D-49D1-97BC-3654ED321F3B}") = "DoddleReport.Core", "DoddleReport.Core\DoddleReport.Core.xproj", "{05A5C02F-D751-4A21-80BB-0FDE1188E48B}"
EndProject
Project("{8BB2217D-0F2D-49D1-97BC-3654ED321F3B}") = "DoddleReport.Sample.AspnetCore", "DoddleReport.Sample.AspnetCore\DoddleReport.Sample.AspnetCore.xproj", "{4D932621-78A9-4A31-8DDF-568472F7CC17}"
EndProject
Global
	GlobalSection(SolutionConfigurationPlatforms) = preSolution
		Debug|Any CPU = Debug|Any CPU
		Debug|Mixed Platforms = Debug|Mixed Platforms
		Debug|x86 = Debug|x86
		Release|Any CPU = Release|Any CPU
		Release|Mixed Platforms = Release|Mixed Platforms
		Release|x86 = Release|x86
	EndGlobalSection
	GlobalSection(ProjectConfigurationPlatforms) = postSolution
		{F08B2994-4D05-423E-A8FE-7D1E8A63472B}.Debug|Any CPU.ActiveCfg = Debug|Any CPU
		{F08B2994-4D05-423E-A8FE-7D1E8A63472B}.Debug|Any CPU.Build.0 = Debug|Any CPU
		{F08B2994-4D05-423E-A8FE-7D1E8A63472B}.Debug|Mixed Platforms.ActiveCfg = Debug|Any CPU
		{F08B2994-4D05-423E-A8FE-7D1E8A63472B}.Debug|Mixed Platforms.Build.0 = Debug|Any CPU
		{F08B2994-4D05-423E-A8FE-7D1E8A63472B}.Debug|x86.ActiveCfg = Debug|Any CPU
		{F08B2994-4D05-423E-A8FE-7D1E8A63472B}.Release|Any CPU.ActiveCfg = Release|Any CPU
		{F08B2994-4D05-423E-A8FE-7D1E8A63472B}.Release|Any CPU.Build.0 = Release|Any CPU
		{F08B2994-4D05-423E-A8FE-7D1E8A63472B}.Release|Mixed Platforms.ActiveCfg = Release|Any CPU
		{F08B2994-4D05-423E-A8FE-7D1E8A63472B}.Release|Mixed Platforms.Build.0 = Release|Any CPU
		{F08B2994-4D05-423E-A8FE-7D1E8A63472B}.Release|x86.ActiveCfg = Release|Any CPU
		{05A5C02F-D751-4A21-80BB-0FDE1188E48B}.Debug|Any CPU.ActiveCfg = Debug|Any CPU
		{05A5C02F-D751-4A21-80BB-0FDE1188E48B}.Debug|Any CPU.Build.0 = Debug|Any CPU
		{05A5C02F-D751-4A21-80BB-0FDE1188E48B}.Debug|Mixed Platforms.ActiveCfg = Debug|Any CPU
		{05A5C02F-D751-4A21-80BB-0FDE1188E48B}.Debug|Mixed Platforms.Build.0 = Debug|Any CPU
		{05A5C02F-D751-4A21-80BB-0FDE1188E48B}.Debug|x86.ActiveCfg = Debug|Any CPU
		{05A5C02F-D751-4A21-80BB-0FDE1188E48B}.Debug|x86.Build.0 = Debug|Any CPU
		{05A5C02F-D751-4A21-80BB-0FDE1188E48B}.Release|Any CPU.ActiveCfg = Release|Any CPU
		{05A5C02F-D751-4A21-80BB-0FDE1188E48B}.Release|Any CPU.Build.0 = Release|Any CPU
		{05A5C02F-D751-4A21-80BB-0FDE1188E48B}.Release|Mixed Platforms.ActiveCfg = Release|Any CPU
		{05A5C02F-D751-4A21-80BB-0FDE1188E48B}.Release|Mixed Platforms.Build.0 = Release|Any CPU
		{05A5C02F-D751-4A21-80BB-0FDE1188E48B}.Release|x86.ActiveCfg = Release|Any CPU
		{05A5C02F-D751-4A21-80BB-0FDE1188E48B}.Release|x86.Build.0 = Release|Any CPU
		{4D932621-78A9-4A31-8DDF-568472F7CC17}.Debug|Any CPU.ActiveCfg = Debug|Any CPU
		{4D932621-78A9-4A31-8DDF-568472F7CC17}.Debug|Any CPU.Build.0 = Debug|Any CPU
		{4D932621-78A9-4A31-8DDF-568472F7CC17}.Debug|Mixed Platforms.ActiveCfg = Debug|Any CPU
		{4D932621-78A9-4A31-8DDF-568472F7CC17}.Debug|Mixed Platforms.Build.0 = Debug|Any CPU
		{4D932621-78A9-4A31-8DDF-568472F7CC17}.Debug|x86.ActiveCfg = Debug|Any CPU
		{4D932621-78A9-4A31-8DDF-568472F7CC17}.Debug|x86.Build.0 = Debug|Any CPU
		{4D932621-78A9-4A31-8DDF-568472F7CC17}.Release|Any CPU.ActiveCfg = Release|Any CPU
		{4D932621-78A9-4A31-8DDF-568472F7CC17}.Release|Any CPU.Build.0 = Release|Any CPU
		{4D932621-78A9-4A31-8DDF-568472F7CC17}.Release|Mixed Platforms.ActiveCfg = Release|Any CPU
		{4D932621-78A9-4A31-8DDF-568472F7CC17}.Release|Mixed Platforms.Build.0 = Release|Any CPU
		{4D932621-78A9-4A31-8DDF-568472F7CC17}.Release|x86.ActiveCfg = Release|Any CPU
		{4D932621-78A9-4A31-8DDF-568472F7CC17}.Release|x86.Build.0 = Release|Any CPU
	EndGlobalSection
	GlobalSection(SolutionProperties) = preSolution
		HideSolutionNode = FALSE
	EndGlobalSection
	GlobalSection(NestedProjects) = preSolution
		{4D932621-78A9-4A31-8DDF-568472F7CC17} = {2E920538-21EC-49E6-BF72-75E82B2E49E2}
	EndGlobalSection
	GlobalSection(TestCaseManagementSettings) = postSolution
		CategoryFile = DoddleReport.vsmdi
	EndGlobalSection
EndGlobal
